// !$*UTF8*$!
{
	archiveVersion = 1;
	classes = {
	};
	objectVersion = 51;
	objects = {

/* Begin PBXBuildFile section */
		2E656C9F4DD3AC3B83A598BB /* Pods_pvis_2_pvis_2UITests.framework in Frameworks */ = {isa = PBXBuildFile; fileRef = D6334DA60EF0641ABDC16CD1 /* Pods_pvis_2_pvis_2UITests.framework */; };
		72E0DAB0FF76909B3E322574 /* Pods_pvis_2.framework in Frameworks */ = {isa = PBXBuildFile; fileRef = 6A0DD5C43BAA8AEA9659B3F7 /* Pods_pvis_2.framework */; };
		9DD550F723B552B70077EFFD /* AppDelegate.swift in Sources */ = {isa = PBXBuildFile; fileRef = 9DD550F623B552B70077EFFD /* AppDelegate.swift */; };
		9DD550FB23B552B70077EFFD /* ViewController.swift in Sources */ = {isa = PBXBuildFile; fileRef = 9DD550FA23B552B70077EFFD /* ViewController.swift */; };
		9DD5510023B552BE0077EFFD /* Assets.xcassets in Resources */ = {isa = PBXBuildFile; fileRef = 9DD550FF23B552BE0077EFFD /* Assets.xcassets */; };
		9DD5510323B552BE0077EFFD /* LaunchScreen.storyboard in Resources */ = {isa = PBXBuildFile; fileRef = 9DD5510123B552BE0077EFFD /* LaunchScreen.storyboard */; };
		9DD5510E23B552BE0077EFFD /* pvis_2Tests.swift in Sources */ = {isa = PBXBuildFile; fileRef = 9DD5510D23B552BE0077EFFD /* pvis_2Tests.swift */; };
		9DD5511923B552BE0077EFFD /* pvis_2UITests.swift in Sources */ = {isa = PBXBuildFile; fileRef = 9DD5511823B552BE0077EFFD /* pvis_2UITests.swift */; };
		9DD5512723B55A430077EFFD /* Resolver.swift in Sources */ = {isa = PBXBuildFile; fileRef = 9DD5512623B55A430077EFFD /* Resolver.swift */; };
		9DD5512F23B55FD50077EFFD /* EntranceController.swift in Sources */ = {isa = PBXBuildFile; fileRef = 9DD5512D23B55FD50077EFFD /* EntranceController.swift */; };
		9DD5513023B55FD50077EFFD /* EntranceController.xib in Resources */ = {isa = PBXBuildFile; fileRef = 9DD5512E23B55FD50077EFFD /* EntranceController.xib */; };
		9DD5513323B562870077EFFD /* Librarian.swift in Sources */ = {isa = PBXBuildFile; fileRef = 9DD5513223B562860077EFFD /* Librarian.swift */; };
		9DD5513523B5647A0077EFFD /* LibraryCard.swift in Sources */ = {isa = PBXBuildFile; fileRef = 9DD5513423B5647A0077EFFD /* LibraryCard.swift */; };
		9DD5513723B568860077EFFD /* Card.swift in Sources */ = {isa = PBXBuildFile; fileRef = 9DD5513623B568860077EFFD /* Card.swift */; };
		9DD5513923B56AA80077EFFD /* FileCabinet.swift in Sources */ = {isa = PBXBuildFile; fileRef = 9DD5513823B56AA80077EFFD /* FileCabinet.swift */; };
		9DD5513B23B576AD0077EFFD /* Set.swift in Sources */ = {isa = PBXBuildFile; fileRef = 9DD5513A23B576AD0077EFFD /* Set.swift */; };
		9DD5513D23B576DB0077EFFD /* Book.swift in Sources */ = {isa = PBXBuildFile; fileRef = 9DD5513C23B576DB0077EFFD /* Book.swift */; };
		9DD5513F23B57ACF0077EFFD /* Search.swift in Sources */ = {isa = PBXBuildFile; fileRef = 9DD5513E23B57ACF0077EFFD /* Search.swift */; };
		9DD5514223B58CC40077EFFD /* RegistrationController.swift in Sources */ = {isa = PBXBuildFile; fileRef = 9DD5514023B58CC40077EFFD /* RegistrationController.swift */; };
		9DD5514323B58CC40077EFFD /* RegistrationController.xib in Resources */ = {isa = PBXBuildFile; fileRef = 9DD5514123B58CC40077EFFD /* RegistrationController.xib */; };
		9DD5514823B594610077EFFD /* MenuController.swift in Sources */ = {isa = PBXBuildFile; fileRef = 9DD5514623B594610077EFFD /* MenuController.swift */; };
		9DD5514923B594610077EFFD /* MenuController.xib in Resources */ = {isa = PBXBuildFile; fileRef = 9DD5514723B594610077EFFD /* MenuController.xib */; };
		9DD5514B23B594A10077EFFD /* TableController.swift in Sources */ = {isa = PBXBuildFile; fileRef = 9DD5514A23B594A10077EFFD /* TableController.swift */; };
		9DD5514E23B5DBE40077EFFD /* SearchController.swift in Sources */ = {isa = PBXBuildFile; fileRef = 9DD5514C23B5DBE40077EFFD /* SearchController.swift */; };
		9DD5514F23B5DBE40077EFFD /* SearchController.xib in Resources */ = {isa = PBXBuildFile; fileRef = 9DD5514D23B5DBE40077EFFD /* SearchController.xib */; };
		9DD5515123B5EC080077EFFD /* SearchTableController.swift in Sources */ = {isa = PBXBuildFile; fileRef = 9DD5515023B5EC080077EFFD /* SearchTableController.swift */; };
		9DD5515423B5F03D0077EFFD /* DebtController.swift in Sources */ = {isa = PBXBuildFile; fileRef = 9DD5515223B5F03D0077EFFD /* DebtController.swift */; };
		9DD5515523B5F03D0077EFFD /* DebtController.xib in Resources */ = {isa = PBXBuildFile; fileRef = 9DD5515323B5F03D0077EFFD /* DebtController.xib */; };
		9DD5515723B625850077EFFD /* Extension.swift in Sources */ = {isa = PBXBuildFile; fileRef = 9DD5515623B625850077EFFD /* Extension.swift */; };
		B7159D611B8AE690E8CDA6DA /* Pods_pvis_2Tests.framework in Frameworks */ = {isa = PBXBuildFile; fileRef = 59FFB5AFA12426F8B2D091B8 /* Pods_pvis_2Tests.framework */; };
/* End PBXBuildFile section */

/* Begin PBXContainerItemProxy section */
		9DD5510A23B552BE0077EFFD /* PBXContainerItemProxy */ = {
			isa = PBXContainerItemProxy;
			containerPortal = 9DD550EB23B552B70077EFFD /* Project object */;
			proxyType = 1;
			remoteGlobalIDString = 9DD550F223B552B70077EFFD;
			remoteInfo = pvis_2;
		};
		9DD5511523B552BE0077EFFD /* PBXContainerItemProxy */ = {
			isa = PBXContainerItemProxy;
			containerPortal = 9DD550EB23B552B70077EFFD /* Project object */;
			proxyType = 1;
			remoteGlobalIDString = 9DD550F223B552B70077EFFD;
			remoteInfo = pvis_2;
		};
/* End PBXContainerItemProxy section */

/* Begin PBXFileReference section */
		0F4387155069A38E76279F97 /* Pods-pvis_2-pvis_2UITests.debug.xcconfig */ = {isa = PBXFileReference; includeInIndex = 1; lastKnownFileType = text.xcconfig; name = "Pods-pvis_2-pvis_2UITests.debug.xcconfig"; path = "Target Support Files/Pods-pvis_2-pvis_2UITests/Pods-pvis_2-pvis_2UITests.debug.xcconfig"; sourceTree = "<group>"; };
		1A5E6E5CE9F0D1E277651363 /* Pods-pvis_2Tests.debug.xcconfig */ = {isa = PBXFileReference; includeInIndex = 1; lastKnownFileType = text.xcconfig; name = "Pods-pvis_2Tests.debug.xcconfig"; path = "Target Support Files/Pods-pvis_2Tests/Pods-pvis_2Tests.debug.xcconfig"; sourceTree = "<group>"; };
		4742F5E08040E3EA48B2DD3D /* Pods-pvis_2.debug.xcconfig */ = {isa = PBXFileReference; includeInIndex = 1; lastKnownFileType = text.xcconfig; name = "Pods-pvis_2.debug.xcconfig"; path = "Target Support Files/Pods-pvis_2/Pods-pvis_2.debug.xcconfig"; sourceTree = "<group>"; };
		59FFB5AFA12426F8B2D091B8 /* Pods_pvis_2Tests.framework */ = {isa = PBXFileReference; explicitFileType = wrapper.framework; includeInIndex = 0; path = Pods_pvis_2Tests.framework; sourceTree = BUILT_PRODUCTS_DIR; };
		67A1D71C930FECD45EA014E1 /* Pods-pvis_2-pvis_2UITests.release.xcconfig */ = {isa = PBXFileReference; includeInIndex = 1; lastKnownFileType = text.xcconfig; name = "Pods-pvis_2-pvis_2UITests.release.xcconfig"; path = "Target Support Files/Pods-pvis_2-pvis_2UITests/Pods-pvis_2-pvis_2UITests.release.xcconfig"; sourceTree = "<group>"; };
		6A0DD5C43BAA8AEA9659B3F7 /* Pods_pvis_2.framework */ = {isa = PBXFileReference; explicitFileType = wrapper.framework; includeInIndex = 0; path = Pods_pvis_2.framework; sourceTree = BUILT_PRODUCTS_DIR; };
		86F5DE785971B0460CE0561F /* Pods-pvis_2.release.xcconfig */ = {isa = PBXFileReference; includeInIndex = 1; lastKnownFileType = text.xcconfig; name = "Pods-pvis_2.release.xcconfig"; path = "Target Support Files/Pods-pvis_2/Pods-pvis_2.release.xcconfig"; sourceTree = "<group>"; };
		961586A9BDAB0480E1C3D6E0 /* Pods-pvis_2Tests.release.xcconfig */ = {isa = PBXFileReference; includeInIndex = 1; lastKnownFileType = text.xcconfig; name = "Pods-pvis_2Tests.release.xcconfig"; path = "Target Support Files/Pods-pvis_2Tests/Pods-pvis_2Tests.release.xcconfig"; sourceTree = "<group>"; };
		9DD550F323B552B70077EFFD /* pvis_2.app */ = {isa = PBXFileReference; explicitFileType = wrapper.application; includeInIndex = 0; path = pvis_2.app; sourceTree = BUILT_PRODUCTS_DIR; };
		9DD550F623B552B70077EFFD /* AppDelegate.swift */ = {isa = PBXFileReference; lastKnownFileType = sourcecode.swift; path = AppDelegate.swift; sourceTree = "<group>"; };
		9DD550FA23B552B70077EFFD /* ViewController.swift */ = {isa = PBXFileReference; lastKnownFileType = sourcecode.swift; path = ViewController.swift; sourceTree = "<group>"; };
		9DD550FF23B552BE0077EFFD /* Assets.xcassets */ = {isa = PBXFileReference; lastKnownFileType = folder.assetcatalog; path = Assets.xcassets; sourceTree = "<group>"; };
		9DD5510223B552BE0077EFFD /* Base */ = {isa = PBXFileReference; lastKnownFileType = file.storyboard; name = Base; path = Base.lproj/LaunchScreen.storyboard; sourceTree = "<group>"; };
		9DD5510423B552BE0077EFFD /* Info.plist */ = {isa = PBXFileReference; lastKnownFileType = text.plist.xml; path = Info.plist; sourceTree = "<group>"; };
		9DD5510923B552BE0077EFFD /* pvis_2Tests.xctest */ = {isa = PBXFileReference; explicitFileType = wrapper.cfbundle; includeInIndex = 0; path = pvis_2Tests.xctest; sourceTree = BUILT_PRODUCTS_DIR; };
		9DD5510D23B552BE0077EFFD /* pvis_2Tests.swift */ = {isa = PBXFileReference; lastKnownFileType = sourcecode.swift; path = pvis_2Tests.swift; sourceTree = "<group>"; };
		9DD5510F23B552BE0077EFFD /* Info.plist */ = {isa = PBXFileReference; lastKnownFileType = text.plist.xml; path = Info.plist; sourceTree = "<group>"; };
		9DD5511423B552BE0077EFFD /* pvis_2UITests.xctest */ = {isa = PBXFileReference; explicitFileType = wrapper.cfbundle; includeInIndex = 0; path = pvis_2UITests.xctest; sourceTree = BUILT_PRODUCTS_DIR; };
		9DD5511823B552BE0077EFFD /* pvis_2UITests.swift */ = {isa = PBXFileReference; lastKnownFileType = sourcecode.swift; path = pvis_2UITests.swift; sourceTree = "<group>"; };
		9DD5511A23B552BE0077EFFD /* Info.plist */ = {isa = PBXFileReference; lastKnownFileType = text.plist.xml; path = Info.plist; sourceTree = "<group>"; };
		9DD5512623B55A430077EFFD /* Resolver.swift */ = {isa = PBXFileReference; lastKnownFileType = sourcecode.swift; path = Resolver.swift; sourceTree = "<group>"; };
		9DD5512D23B55FD50077EFFD /* EntranceController.swift */ = {isa = PBXFileReference; lastKnownFileType = sourcecode.swift; path = EntranceController.swift; sourceTree = "<group>"; };
		9DD5512E23B55FD50077EFFD /* EntranceController.xib */ = {isa = PBXFileReference; lastKnownFileType = file.xib; path = EntranceController.xib; sourceTree = "<group>"; };
		9DD5513223B562860077EFFD /* Librarian.swift */ = {isa = PBXFileReference; lastKnownFileType = sourcecode.swift; path = Librarian.swift; sourceTree = "<group>"; };
		9DD5513423B5647A0077EFFD /* LibraryCard.swift */ = {isa = PBXFileReference; lastKnownFileType = sourcecode.swift; path = LibraryCard.swift; sourceTree = "<group>"; };
		9DD5513623B568860077EFFD /* Card.swift */ = {isa = PBXFileReference; lastKnownFileType = sourcecode.swift; path = Card.swift; sourceTree = "<group>"; };
		9DD5513823B56AA80077EFFD /* FileCabinet.swift */ = {isa = PBXFileReference; lastKnownFileType = sourcecode.swift; path = FileCabinet.swift; sourceTree = "<group>"; };
		9DD5513A23B576AD0077EFFD /* Set.swift */ = {isa = PBXFileReference; lastKnownFileType = sourcecode.swift; path = Set.swift; sourceTree = "<group>"; };
		9DD5513C23B576DB0077EFFD /* Book.swift */ = {isa = PBXFileReference; lastKnownFileType = sourcecode.swift; path = Book.swift; sourceTree = "<group>"; };
		9DD5513E23B57ACF0077EFFD /* Search.swift */ = {isa = PBXFileReference; lastKnownFileType = sourcecode.swift; path = Search.swift; sourceTree = "<group>"; };
		9DD5514023B58CC40077EFFD /* RegistrationController.swift */ = {isa = PBXFileReference; lastKnownFileType = sourcecode.swift; path = RegistrationController.swift; sourceTree = "<group>"; };
		9DD5514123B58CC40077EFFD /* RegistrationController.xib */ = {isa = PBXFileReference; lastKnownFileType = file.xib; path = RegistrationController.xib; sourceTree = "<group>"; };
		9DD5514623B594610077EFFD /* MenuController.swift */ = {isa = PBXFileReference; lastKnownFileType = sourcecode.swift; path = MenuController.swift; sourceTree = "<group>"; };
		9DD5514723B594610077EFFD /* MenuController.xib */ = {isa = PBXFileReference; lastKnownFileType = file.xib; path = MenuController.xib; sourceTree = "<group>"; };
		9DD5514A23B594A10077EFFD /* TableController.swift */ = {isa = PBXFileReference; lastKnownFileType = sourcecode.swift; path = TableController.swift; sourceTree = "<group>"; };
		9DD5514C23B5DBE40077EFFD /* SearchController.swift */ = {isa = PBXFileReference; lastKnownFileType = sourcecode.swift; path = SearchController.swift; sourceTree = "<group>"; };
		9DD5514D23B5DBE40077EFFD /* SearchController.xib */ = {isa = PBXFileReference; lastKnownFileType = file.xib; path = SearchController.xib; sourceTree = "<group>"; };
		9DD5515023B5EC080077EFFD /* SearchTableController.swift */ = {isa = PBXFileReference; lastKnownFileType = sourcecode.swift; path = SearchTableController.swift; sourceTree = "<group>"; };
		9DD5515223B5F03D0077EFFD /* DebtController.swift */ = {isa = PBXFileReference; lastKnownFileType = sourcecode.swift; path = DebtController.swift; sourceTree = "<group>"; };
		9DD5515323B5F03D0077EFFD /* DebtController.xib */ = {isa = PBXFileReference; lastKnownFileType = file.xib; path = DebtController.xib; sourceTree = "<group>"; };
		9DD5515623B625850077EFFD /* Extension.swift */ = {isa = PBXFileReference; lastKnownFileType = sourcecode.swift; path = Extension.swift; sourceTree = "<group>"; };
		D6334DA60EF0641ABDC16CD1 /* Pods_pvis_2_pvis_2UITests.framework */ = {isa = PBXFileReference; explicitFileType = wrapper.framework; includeInIndex = 0; path = Pods_pvis_2_pvis_2UITests.framework; sourceTree = BUILT_PRODUCTS_DIR; };
/* End PBXFileReference section */

/* Begin PBXFrameworksBuildPhase section */
		9DD550F023B552B70077EFFD /* Frameworks */ = {
			isa = PBXFrameworksBuildPhase;
			buildActionMask = 2147483647;
			files = (
				72E0DAB0FF76909B3E322574 /* Pods_pvis_2.framework in Frameworks */,
			);
			runOnlyForDeploymentPostprocessing = 0;
		};
		9DD5510623B552BE0077EFFD /* Frameworks */ = {
			isa = PBXFrameworksBuildPhase;
			buildActionMask = 2147483647;
			files = (
				B7159D611B8AE690E8CDA6DA /* Pods_pvis_2Tests.framework in Frameworks */,
			);
			runOnlyForDeploymentPostprocessing = 0;
		};
		9DD5511123B552BE0077EFFD /* Frameworks */ = {
			isa = PBXFrameworksBuildPhase;
			buildActionMask = 2147483647;
			files = (
				2E656C9F4DD3AC3B83A598BB /* Pods_pvis_2_pvis_2UITests.framework in Frameworks */,
			);
			runOnlyForDeploymentPostprocessing = 0;
		};
/* End PBXFrameworksBuildPhase section */

/* Begin PBXGroup section */
		92745A009E41C4B930CD31CC /* Pods */ = {
			isa = PBXGroup;
			children = (
				4742F5E08040E3EA48B2DD3D /* Pods-pvis_2.debug.xcconfig */,
				86F5DE785971B0460CE0561F /* Pods-pvis_2.release.xcconfig */,
				0F4387155069A38E76279F97 /* Pods-pvis_2-pvis_2UITests.debug.xcconfig */,
				67A1D71C930FECD45EA014E1 /* Pods-pvis_2-pvis_2UITests.release.xcconfig */,
				1A5E6E5CE9F0D1E277651363 /* Pods-pvis_2Tests.debug.xcconfig */,
				961586A9BDAB0480E1C3D6E0 /* Pods-pvis_2Tests.release.xcconfig */,
			);
			path = Pods;
			sourceTree = "<group>";
		};
		9DD550EA23B552B70077EFFD = {
			isa = PBXGroup;
			children = (
				9DD550F523B552B70077EFFD /* pvis_2 */,
				9DD5510C23B552BE0077EFFD /* pvis_2Tests */,
				9DD5511723B552BE0077EFFD /* pvis_2UITests */,
				9DD550F423B552B70077EFFD /* Products */,
				92745A009E41C4B930CD31CC /* Pods */,
				E62F4288683C4824C9E2D1CE /* Frameworks */,
			);
			sourceTree = "<group>";
		};
		9DD550F423B552B70077EFFD /* Products */ = {
			isa = PBXGroup;
			children = (
				9DD550F323B552B70077EFFD /* pvis_2.app */,
				9DD5510923B552BE0077EFFD /* pvis_2Tests.xctest */,
				9DD5511423B552BE0077EFFD /* pvis_2UITests.xctest */,
			);
			name = Products;
			sourceTree = "<group>";
		};
		9DD550F523B552B70077EFFD /* pvis_2 */ = {
			isa = PBXGroup;
			children = (
				9DD5513123B562640077EFFD /* Models */,
				9DD5512C23B55FBD0077EFFD /* UI */,
				9DD550F623B552B70077EFFD /* AppDelegate.swift */,
				9DD550FA23B552B70077EFFD /* ViewController.swift */,
				9DD550FF23B552BE0077EFFD /* Assets.xcassets */,
				9DD5510123B552BE0077EFFD /* LaunchScreen.storyboard */,
				9DD5510423B552BE0077EFFD /* Info.plist */,
				9DD5512623B55A430077EFFD /* Resolver.swift */,
				9DD5515623B625850077EFFD /* Extension.swift */,
			);
			path = pvis_2;
			sourceTree = "<group>";
		};
		9DD5510C23B552BE0077EFFD /* pvis_2Tests */ = {
			isa = PBXGroup;
			children = (
				9DD5510D23B552BE0077EFFD /* pvis_2Tests.swift */,
				9DD5510F23B552BE0077EFFD /* Info.plist */,
			);
			path = pvis_2Tests;
			sourceTree = "<group>";
		};
		9DD5511723B552BE0077EFFD /* pvis_2UITests */ = {
			isa = PBXGroup;
			children = (
				9DD5511823B552BE0077EFFD /* pvis_2UITests.swift */,
				9DD5511A23B552BE0077EFFD /* Info.plist */,
			);
			path = pvis_2UITests;
			sourceTree = "<group>";
		};
		9DD5512C23B55FBD0077EFFD /* UI */ = {
			isa = PBXGroup;
			children = (
				9DD5512D23B55FD50077EFFD /* EntranceController.swift */,
				9DD5512E23B55FD50077EFFD /* EntranceController.xib */,
				9DD5514023B58CC40077EFFD /* RegistrationController.swift */,
				9DD5514123B58CC40077EFFD /* RegistrationController.xib */,
				9DD5514623B594610077EFFD /* MenuController.swift */,
				9DD5514723B594610077EFFD /* MenuController.xib */,
				9DD5514A23B594A10077EFFD /* TableController.swift */,
				9DD5514C23B5DBE40077EFFD /* SearchController.swift */,
				9DD5514D23B5DBE40077EFFD /* SearchController.xib */,
				9DD5515023B5EC080077EFFD /* SearchTableController.swift */,
				9DD5515223B5F03D0077EFFD /* DebtController.swift */,
				9DD5515323B5F03D0077EFFD /* DebtController.xib */,
			);
			path = UI;
			sourceTree = "<group>";
		};
		9DD5513123B562640077EFFD /* Models */ = {
			isa = PBXGroup;
			children = (
				9DD5513223B562860077EFFD /* Librarian.swift */,
				9DD5513423B5647A0077EFFD /* LibraryCard.swift */,
				9DD5513623B568860077EFFD /* Card.swift */,
				9DD5513823B56AA80077EFFD /* FileCabinet.swift */,
				9DD5513A23B576AD0077EFFD /* Set.swift */,
				9DD5513C23B576DB0077EFFD /* Book.swift */,
				9DD5513E23B57ACF0077EFFD /* Search.swift */,
			);
			path = Models;
			sourceTree = "<group>";
		};
		E62F4288683C4824C9E2D1CE /* Frameworks */ = {
			isa = PBXGroup;
			children = (
				6A0DD5C43BAA8AEA9659B3F7 /* Pods_pvis_2.framework */,
				D6334DA60EF0641ABDC16CD1 /* Pods_pvis_2_pvis_2UITests.framework */,
				59FFB5AFA12426F8B2D091B8 /* Pods_pvis_2Tests.framework */,
			);
			name = Frameworks;
			sourceTree = "<group>";
		};
/* End PBXGroup section */

/* Begin PBXNativeTarget section */
		9DD550F223B552B70077EFFD /* pvis_2 */ = {
			isa = PBXNativeTarget;
			buildConfigurationList = 9DD5511D23B552BE0077EFFD /* Build configuration list for PBXNativeTarget "pvis_2" */;
			buildPhases = (
				693BA16502CF21EFDFB5E1CC /* [CP] Check Pods Manifest.lock */,
				9DD550EF23B552B70077EFFD /* Sources */,
				9DD550F023B552B70077EFFD /* Frameworks */,
				9DD550F123B552B70077EFFD /* Resources */,
				DFC3CE26B8BC322F112A4B32 /* [CP] Embed Pods Frameworks */,
			);
			buildRules = (
			);
			dependencies = (
			);
			name = pvis_2;
			productName = pvis_2;
			productReference = 9DD550F323B552B70077EFFD /* pvis_2.app */;
			productType = "com.apple.product-type.application";
		};
		9DD5510823B552BE0077EFFD /* pvis_2Tests */ = {
			isa = PBXNativeTarget;
			buildConfigurationList = 9DD5512023B552BE0077EFFD /* Build configuration list for PBXNativeTarget "pvis_2Tests" */;
			buildPhases = (
				F437791BF76EC69F38AECD18 /* [CP] Check Pods Manifest.lock */,
				9DD5510523B552BE0077EFFD /* Sources */,
				9DD5510623B552BE0077EFFD /* Frameworks */,
				9DD5510723B552BE0077EFFD /* Resources */,
			);
			buildRules = (
			);
			dependencies = (
				9DD5510B23B552BE0077EFFD /* PBXTargetDependency */,
			);
			name = pvis_2Tests;
			productName = pvis_2Tests;
			productReference = 9DD5510923B552BE0077EFFD /* pvis_2Tests.xctest */;
			productType = "com.apple.product-type.bundle.unit-test";
		};
		9DD5511323B552BE0077EFFD /* pvis_2UITests */ = {
			isa = PBXNativeTarget;
			buildConfigurationList = 9DD5512323B552BE0077EFFD /* Build configuration list for PBXNativeTarget "pvis_2UITests" */;
			buildPhases = (
				4CBF217C7CB6695D42BAACC1 /* [CP] Check Pods Manifest.lock */,
				9DD5511023B552BE0077EFFD /* Sources */,
				9DD5511123B552BE0077EFFD /* Frameworks */,
				9DD5511223B552BE0077EFFD /* Resources */,
				2073BF2204A6129E05B34548 /* [CP] Embed Pods Frameworks */,
			);
			buildRules = (
			);
			dependencies = (
				9DD5511623B552BE0077EFFD /* PBXTargetDependency */,
			);
			name = pvis_2UITests;
			productName = pvis_2UITests;
			productReference = 9DD5511423B552BE0077EFFD /* pvis_2UITests.xctest */;
			productType = "com.apple.product-type.bundle.ui-testing";
		};
/* End PBXNativeTarget section */

/* Begin PBXProject section */
		9DD550EB23B552B70077EFFD /* Project object */ = {
			isa = PBXProject;
			attributes = {
				LastSwiftUpdateCheck = 1110;
				LastUpgradeCheck = 1110;
				ORGANIZATIONNAME = BM;
				TargetAttributes = {
					9DD550F223B552B70077EFFD = {
						CreatedOnToolsVersion = 11.1;
					};
					9DD5510823B552BE0077EFFD = {
						CreatedOnToolsVersion = 11.1;
						TestTargetID = 9DD550F223B552B70077EFFD;
					};
					9DD5511323B552BE0077EFFD = {
						CreatedOnToolsVersion = 11.1;
						TestTargetID = 9DD550F223B552B70077EFFD;
					};
				};
			};
			buildConfigurationList = 9DD550EE23B552B70077EFFD /* Build configuration list for PBXProject "pvis_2" */;
			compatibilityVersion = "Xcode 9.3";
			developmentRegion = en;
			hasScannedForEncodings = 0;
			knownRegions = (
				en,
				Base,
			);
			mainGroup = 9DD550EA23B552B70077EFFD;
			productRefGroup = 9DD550F423B552B70077EFFD /* Products */;
			projectDirPath = "";
			projectRoot = "";
			targets = (
				9DD550F223B552B70077EFFD /* pvis_2 */,
				9DD5510823B552BE0077EFFD /* pvis_2Tests */,
				9DD5511323B552BE0077EFFD /* pvis_2UITests */,
			);
		};
/* End PBXProject section */

/* Begin PBXResourcesBuildPhase section */
		9DD550F123B552B70077EFFD /* Resources */ = {
			isa = PBXResourcesBuildPhase;
			buildActionMask = 2147483647;
			files = (
				9DD5510323B552BE0077EFFD /* LaunchScreen.storyboard in Resources */,
				9DD5514F23B5DBE40077EFFD /* SearchController.xib in Resources */,
				9DD5514923B594610077EFFD /* MenuController.xib in Resources */,
				9DD5515523B5F03D0077EFFD /* DebtController.xib in Resources */,
				9DD5510023B552BE0077EFFD /* Assets.xcassets in Resources */,
				9DD5514323B58CC40077EFFD /* RegistrationController.xib in Resources */,
				9DD5513023B55FD50077EFFD /* EntranceController.xib in Resources */,
			);
			runOnlyForDeploymentPostprocessing = 0;
		};
		9DD5510723B552BE0077EFFD /* Resources */ = {
			isa = PBXResourcesBuildPhase;
			buildActionMask = 2147483647;
			files = (
			);
			runOnlyForDeploymentPostprocessing = 0;
		};
		9DD5511223B552BE0077EFFD /* Resources */ = {
			isa = PBXResourcesBuildPhase;
			buildActionMask = 2147483647;
			files = (
			);
			runOnlyForDeploymentPostprocessing = 0;
		};
/* End PBXResourcesBuildPhase section */

/* Begin PBXShellScriptBuildPhase section */
		2073BF2204A6129E05B34548 /* [CP] Embed Pods Frameworks */ = {
			isa = PBXShellScriptBuildPhase;
			buildActionMask = 2147483647;
			files = (
			);
			inputFileListPaths = (
				"${PODS_ROOT}/Target Support Files/Pods-pvis_2-pvis_2UITests/Pods-pvis_2-pvis_2UITests-frameworks-${CONFIGURATION}-input-files.xcfilelist",
			);
			name = "[CP] Embed Pods Frameworks";
			outputFileListPaths = (
				"${PODS_ROOT}/Target Support Files/Pods-pvis_2-pvis_2UITests/Pods-pvis_2-pvis_2UITests-frameworks-${CONFIGURATION}-output-files.xcfilelist",
			);
			runOnlyForDeploymentPostprocessing = 0;
			shellPath = /bin/sh;
			shellScript = "\"${PODS_ROOT}/Target Support Files/Pods-pvis_2-pvis_2UITests/Pods-pvis_2-pvis_2UITests-frameworks.sh\"\n";
			showEnvVarsInLog = 0;
		};
		4CBF217C7CB6695D42BAACC1 /* [CP] Check Pods Manifest.lock */ = {
			isa = PBXShellScriptBuildPhase;
			buildActionMask = 2147483647;
			files = (
			);
			inputFileListPaths = (
			);
			inputPaths = (
				"${PODS_PODFILE_DIR_PATH}/Podfile.lock",
				"${PODS_ROOT}/Manifest.lock",
			);
			name = "[CP] Check Pods Manifest.lock";
			outputFileListPaths = (
			);
			outputPaths = (
				"$(DERIVED_FILE_DIR)/Pods-pvis_2-pvis_2UITests-checkManifestLockResult.txt",
			);
			runOnlyForDeploymentPostprocessing = 0;
			shellPath = /bin/sh;
			shellScript = "diff \"${PODS_PODFILE_DIR_PATH}/Podfile.lock\" \"${PODS_ROOT}/Manifest.lock\" > /dev/null\nif [ $? != 0 ] ; then\n    # print error to STDERR\n    echo \"error: The sandbox is not in sync with the Podfile.lock. Run 'pod install' or update your CocoaPods installation.\" >&2\n    exit 1\nfi\n# This output is used by Xcode 'outputs' to avoid re-running this script phase.\necho \"SUCCESS\" > \"${SCRIPT_OUTPUT_FILE_0}\"\n";
			showEnvVarsInLog = 0;
		};
		693BA16502CF21EFDFB5E1CC /* [CP] Check Pods Manifest.lock */ = {
			isa = PBXShellScriptBuildPhase;
			buildActionMask = 2147483647;
			files = (
			);
			inputFileListPaths = (
			);
			inputPaths = (
				"${PODS_PODFILE_DIR_PATH}/Podfile.lock",
				"${PODS_ROOT}/Manifest.lock",
			);
			name = "[CP] Check Pods Manifest.lock";
			outputFileListPaths = (
			);
			outputPaths = (
				"$(DERIVED_FILE_DIR)/Pods-pvis_2-checkManifestLockResult.txt",
			);
			runOnlyForDeploymentPostprocessing = 0;
			shellPath = /bin/sh;
			shellScript = "diff \"${PODS_PODFILE_DIR_PATH}/Podfile.lock\" \"${PODS_ROOT}/Manifest.lock\" > /dev/null\nif [ $? != 0 ] ; then\n    # print error to STDERR\n    echo \"error: The sandbox is not in sync with the Podfile.lock. Run 'pod install' or update your CocoaPods installation.\" >&2\n    exit 1\nfi\n# This output is used by Xcode 'outputs' to avoid re-running this script phase.\necho \"SUCCESS\" > \"${SCRIPT_OUTPUT_FILE_0}\"\n";
			showEnvVarsInLog = 0;
		};
		DFC3CE26B8BC322F112A4B32 /* [CP] Embed Pods Frameworks */ = {
			isa = PBXShellScriptBuildPhase;
			buildActionMask = 2147483647;
			files = (
			);
			inputFileListPaths = (
				"${PODS_ROOT}/Target Support Files/Pods-pvis_2/Pods-pvis_2-frameworks-${CONFIGURATION}-input-files.xcfilelist",
			);
			name = "[CP] Embed Pods Frameworks";
			outputFileListPaths = (
				"${PODS_ROOT}/Target Support Files/Pods-pvis_2/Pods-pvis_2-frameworks-${CONFIGURATION}-output-files.xcfilelist",
			);
			runOnlyForDeploymentPostprocessing = 0;
			shellPath = /bin/sh;
			shellScript = "\"${PODS_ROOT}/Target Support Files/Pods-pvis_2/Pods-pvis_2-frameworks.sh\"\n";
			showEnvVarsInLog = 0;
		};
		F437791BF76EC69F38AECD18 /* [CP] Check Pods Manifest.lock */ = {
			isa = PBXShellScriptBuildPhase;
			buildActionMask = 2147483647;
			files = (
			);
			inputFileListPaths = (
			);
			inputPaths = (
				"${PODS_PODFILE_DIR_PATH}/Podfile.lock",
				"${PODS_ROOT}/Manifest.lock",
			);
			name = "[CP] Check Pods Manifest.lock";
			outputFileListPaths = (
			);
			outputPaths = (
				"$(DERIVED_FILE_DIR)/Pods-pvis_2Tests-checkManifestLockResult.txt",
			);
			runOnlyForDeploymentPostprocessing = 0;
			shellPath = /bin/sh;
			shellScript = "diff \"${PODS_PODFILE_DIR_PATH}/Podfile.lock\" \"${PODS_ROOT}/Manifest.lock\" > /dev/null\nif [ $? != 0 ] ; then\n    # print error to STDERR\n    echo \"error: The sandbox is not in sync with the Podfile.lock. Run 'pod install' or update your CocoaPods installation.\" >&2\n    exit 1\nfi\n# This output is used by Xcode 'outputs' to avoid re-running this script phase.\necho \"SUCCESS\" > \"${SCRIPT_OUTPUT_FILE_0}\"\n";
			showEnvVarsInLog = 0;
		};
/* End PBXShellScriptBuildPhase section */

/* Begin PBXSourcesBuildPhase section */
		9DD550EF23B552B70077EFFD /* Sources */ = {
			isa = PBXSourcesBuildPhase;
			buildActionMask = 2147483647;
			files = (
				9DD5515423B5F03D0077EFFD /* DebtController.swift in Sources */,
				9DD5514B23B594A10077EFFD /* TableController.swift in Sources */,
				9DD5514E23B5DBE40077EFFD /* SearchController.swift in Sources */,
				9DD5513F23B57ACF0077EFFD /* Search.swift in Sources */,
				9DD5512723B55A430077EFFD /* Resolver.swift in Sources */,
				9DD550FB23B552B70077EFFD /* ViewController.swift in Sources */,
				9DD5513923B56AA80077EFFD /* FileCabinet.swift in Sources */,
				9DD5513723B568860077EFFD /* Card.swift in Sources */,
				9DD5513B23B576AD0077EFFD /* Set.swift in Sources */,
				9DD5515723B625850077EFFD /* Extension.swift in Sources */,
				9DD5515123B5EC080077EFFD /* SearchTableController.swift in Sources */,
				9DD550F723B552B70077EFFD /* AppDelegate.swift in Sources */,
				9DD5513323B562870077EFFD /* Librarian.swift in Sources */,
				9DD5512F23B55FD50077EFFD /* EntranceController.swift in Sources */,
				9DD5513D23B576DB0077EFFD /* Book.swift in Sources */,
				9DD5514223B58CC40077EFFD /* RegistrationController.swift in Sources */,
				9DD5514823B594610077EFFD /* MenuController.swift in Sources */,
				9DD5513523B5647A0077EFFD /* LibraryCard.swift in Sources */,
			);
			runOnlyForDeploymentPostprocessing = 0;
		};
		9DD5510523B552BE0077EFFD /* Sources */ = {
			isa = PBXSourcesBuildPhase;
			buildActionMask = 2147483647;
			files = (
				9DD5510E23B552BE0077EFFD /* pvis_2Tests.swift in Sources */,
			);
			runOnlyForDeploymentPostprocessing = 0;
		};
		9DD5511023B552BE0077EFFD /* Sources */ = {
			isa = PBXSourcesBuildPhase;
			buildActionMask = 2147483647;
			files = (
				9DD5511923B552BE0077EFFD /* pvis_2UITests.swift in Sources */,
			);
			runOnlyForDeploymentPostprocessing = 0;
		};
/* End PBXSourcesBuildPhase section */

/* Begin PBXTargetDependency section */
		9DD5510B23B552BE0077EFFD /* PBXTargetDependency */ = {
			isa = PBXTargetDependency;
			target = 9DD550F223B552B70077EFFD /* pvis_2 */;
			targetProxy = 9DD5510A23B552BE0077EFFD /* PBXContainerItemProxy */;
		};
		9DD5511623B552BE0077EFFD /* PBXTargetDependency */ = {
			isa = PBXTargetDependency;
			target = 9DD550F223B552B70077EFFD /* pvis_2 */;
			targetProxy = 9DD5511523B552BE0077EFFD /* PBXContainerItemProxy */;
		};
/* End PBXTargetDependency section */

/* Begin PBXVariantGroup section */
		9DD5510123B552BE0077EFFD /* LaunchScreen.storyboard */ = {
			isa = PBXVariantGroup;
			children = (
				9DD5510223B552BE0077EFFD /* Base */,
			);
			name = LaunchScreen.storyboard;
			sourceTree = "<group>";
		};
/* End PBXVariantGroup section */

/* Begin XCBuildConfiguration section */
		9DD5511B23B552BE0077EFFD /* Debug */ = {
			isa = XCBuildConfiguration;
			buildSettings = {
				ALWAYS_SEARCH_USER_PATHS = NO;
				CLANG_ANALYZER_NONNULL = YES;
				CLANG_ANALYZER_NUMBER_OBJECT_CONVERSION = YES_AGGRESSIVE;
				CLANG_CXX_LANGUAGE_STANDARD = "gnu++14";
				CLANG_CXX_LIBRARY = "libc++";
				CLANG_ENABLE_MODULES = YES;
				CLANG_ENABLE_OBJC_ARC = YES;
				CLANG_ENABLE_OBJC_WEAK = YES;
				CLANG_WARN_BLOCK_CAPTURE_AUTORELEASING = YES;
				CLANG_WARN_BOOL_CONVERSION = YES;
				CLANG_WARN_COMMA = YES;
				CLANG_WARN_CONSTANT_CONVERSION = YES;
				CLANG_WARN_DEPRECATED_OBJC_IMPLEMENTATIONS = YES;
				CLANG_WARN_DIRECT_OBJC_ISA_USAGE = YES_ERROR;
				CLANG_WARN_DOCUMENTATION_COMMENTS = YES;
				CLANG_WARN_EMPTY_BODY = YES;
				CLANG_WARN_ENUM_CONVERSION = YES;
				CLANG_WARN_INFINITE_RECURSION = YES;
				CLANG_WARN_INT_CONVERSION = YES;
				CLANG_WARN_NON_LITERAL_NULL_CONVERSION = YES;
				CLANG_WARN_OBJC_IMPLICIT_RETAIN_SELF = YES;
				CLANG_WARN_OBJC_LITERAL_CONVERSION = YES;
				CLANG_WARN_OBJC_ROOT_CLASS = YES_ERROR;
				CLANG_WARN_RANGE_LOOP_ANALYSIS = YES;
				CLANG_WARN_STRICT_PROTOTYPES = YES;
				CLANG_WARN_SUSPICIOUS_MOVE = YES;
				CLANG_WARN_UNGUARDED_AVAILABILITY = YES_AGGRESSIVE;
				CLANG_WARN_UNREACHABLE_CODE = YES;
				CLANG_WARN__DUPLICATE_METHOD_MATCH = YES;
				COPY_PHASE_STRIP = NO;
				DEBUG_INFORMATION_FORMAT = dwarf;
				ENABLE_STRICT_OBJC_MSGSEND = YES;
				ENABLE_TESTABILITY = YES;
				GCC_C_LANGUAGE_STANDARD = gnu11;
				GCC_DYNAMIC_NO_PIC = NO;
				GCC_NO_COMMON_BLOCKS = YES;
				GCC_OPTIMIZATION_LEVEL = 0;
				GCC_PREPROCESSOR_DEFINITIONS = (
					"DEBUG=1",
					"$(inherited)",
				);
				GCC_WARN_64_TO_32_BIT_CONVERSION = YES;
				GCC_WARN_ABOUT_RETURN_TYPE = YES_ERROR;
				GCC_WARN_UNDECLARED_SELECTOR = YES;
				GCC_WARN_UNINITIALIZED_AUTOS = YES_AGGRESSIVE;
				GCC_WARN_UNUSED_FUNCTION = YES;
				GCC_WARN_UNUSED_VARIABLE = YES;
				IPHONEOS_DEPLOYMENT_TARGET = 13.1;
				MTL_ENABLE_DEBUG_INFO = INCLUDE_SOURCE;
				MTL_FAST_MATH = YES;
				ONLY_ACTIVE_ARCH = YES;
				SDKROOT = iphoneos;
				SWIFT_ACTIVE_COMPILATION_CONDITIONS = DEBUG;
				SWIFT_OPTIMIZATION_LEVEL = "-Onone";
			};
			name = Debug;
		};
		9DD5511C23B552BE0077EFFD /* Release */ = {
			isa = XCBuildConfiguration;
			buildSettings = {
				ALWAYS_SEARCH_USER_PATHS = NO;
				CLANG_ANALYZER_NONNULL = YES;
				CLANG_ANALYZER_NUMBER_OBJECT_CONVERSION = YES_AGGRESSIVE;
				CLANG_CXX_LANGUAGE_STANDARD = "gnu++14";
				CLANG_CXX_LIBRARY = "libc++";
				CLANG_ENABLE_MODULES = YES;
				CLANG_ENABLE_OBJC_ARC = YES;
				CLANG_ENABLE_OBJC_WEAK = YES;
				CLANG_WARN_BLOCK_CAPTURE_AUTORELEASING = YES;
				CLANG_WARN_BOOL_CONVERSION = YES;
				CLANG_WARN_COMMA = YES;
				CLANG_WARN_CONSTANT_CONVERSION = YES;
				CLANG_WARN_DEPRECATED_OBJC_IMPLEMENTATIONS = YES;
				CLANG_WARN_DIRECT_OBJC_ISA_USAGE = YES_ERROR;
				CLANG_WARN_DOCUMENTATION_COMMENTS = YES;
				CLANG_WARN_EMPTY_BODY = YES;
				CLANG_WARN_ENUM_CONVERSION = YES;
				CLANG_WARN_INFINITE_RECURSION = YES;
				CLANG_WARN_INT_CONVERSION = YES;
				CLANG_WARN_NON_LITERAL_NULL_CONVERSION = YES;
				CLANG_WARN_OBJC_IMPLICIT_RETAIN_SELF = YES;
				CLANG_WARN_OBJC_LITERAL_CONVERSION = YES;
				CLANG_WARN_OBJC_ROOT_CLASS = YES_ERROR;
				CLANG_WARN_RANGE_LOOP_ANALYSIS = YES;
				CLANG_WARN_STRICT_PROTOTYPES = YES;
				CLANG_WARN_SUSPICIOUS_MOVE = YES;
				CLANG_WARN_UNGUARDED_AVAILABILITY = YES_AGGRESSIVE;
				CLANG_WARN_UNREACHABLE_CODE = YES;
				CLANG_WARN__DUPLICATE_METHOD_MATCH = YES;
				COPY_PHASE_STRIP = NO;
				DEBUG_INFORMATION_FORMAT = "dwarf-with-dsym";
				ENABLE_NS_ASSERTIONS = NO;
				ENABLE_STRICT_OBJC_MSGSEND = YES;
				GCC_C_LANGUAGE_STANDARD = gnu11;
				GCC_NO_COMMON_BLOCKS = YES;
				GCC_WARN_64_TO_32_BIT_CONVERSION = YES;
				GCC_WARN_ABOUT_RETURN_TYPE = YES_ERROR;
				GCC_WARN_UNDECLARED_SELECTOR = YES;
				GCC_WARN_UNINITIALIZED_AUTOS = YES_AGGRESSIVE;
				GCC_WARN_UNUSED_FUNCTION = YES;
				GCC_WARN_UNUSED_VARIABLE = YES;
				IPHONEOS_DEPLOYMENT_TARGET = 13.1;
				MTL_ENABLE_DEBUG_INFO = NO;
				MTL_FAST_MATH = YES;
				SDKROOT = iphoneos;
				SWIFT_COMPILATION_MODE = wholemodule;
				SWIFT_OPTIMIZATION_LEVEL = "-O";
				VALIDATE_PRODUCT = YES;
			};
			name = Release;
		};
		9DD5511E23B552BE0077EFFD /* Debug */ = {
			isa = XCBuildConfiguration;
			baseConfigurationReference = 4742F5E08040E3EA48B2DD3D /* Pods-pvis_2.debug.xcconfig */;
			buildSettings = {
				ASSETCATALOG_COMPILER_APPICON_NAME = AppIcon;
				CODE_SIGN_STYLE = Automatic;
				DEVELOPMENT_TEAM = 822X2QB8L8;
				INFOPLIST_FILE = pvis_2/Info.plist;
				LD_RUNPATH_SEARCH_PATHS = (
					"$(inherited)",
					"@executable_path/Frameworks",
				);
				PRODUCT_BUNDLE_IDENTIFIER = "M.B..pvis-2";
				PRODUCT_NAME = "$(TARGET_NAME)";
				SWIFT_VERSION = 5.0;
				TARGETED_DEVICE_FAMILY = "1,2";
			};
			name = Debug;
		};
		9DD5511F23B552BE0077EFFD /* Release */ = {
			isa = XCBuildConfiguration;
			baseConfigurationReference = 86F5DE785971B0460CE0561F /* Pods-pvis_2.release.xcconfig */;
			buildSettings = {
				ASSETCATALOG_COMPILER_APPICON_NAME = AppIcon;
				CODE_SIGN_STYLE = Automatic;
				DEVELOPMENT_TEAM = 822X2QB8L8;
				INFOPLIST_FILE = pvis_2/Info.plist;
				LD_RUNPATH_SEARCH_PATHS = (
					"$(inherited)",
					"@executable_path/Frameworks",
				);
				PRODUCT_BUNDLE_IDENTIFIER = "M.B..pvis-2";
				PRODUCT_NAME = "$(TARGET_NAME)";
				SWIFT_VERSION = 5.0;
				TARGETED_DEVICE_FAMILY = "1,2";
			};
			name = Release;
		};
		9DD5512123B552BE0077EFFD /* Debug */ = {
			isa = XCBuildConfiguration;
			baseConfigurationReference = 1A5E6E5CE9F0D1E277651363 /* Pods-pvis_2Tests.debug.xcconfig */;
			buildSettings = {
				ALWAYS_EMBED_SWIFT_STANDARD_LIBRARIES = YES;
				BUNDLE_LOADER = "$(TEST_HOST)";
				CODE_SIGN_STYLE = Automatic;
				DEVELOPMENT_TEAM = 822X2QB8L8;
				INFOPLIST_FILE = pvis_2Tests/Info.plist;
				IPHONEOS_DEPLOYMENT_TARGET = 13.1;
				LD_RUNPATH_SEARCH_PATHS = (
					"$(inherited)",
					"@executable_path/Frameworks",
					"@loader_path/Frameworks",
				);
				PRODUCT_BUNDLE_IDENTIFIER = "M.B..pvis-2Tests";
				PRODUCT_NAME = "$(TARGET_NAME)";
				SWIFT_VERSION = 5.0;
				TARGETED_DEVICE_FAMILY = "1,2";
				TEST_HOST = "$(BUILT_PRODUCTS_DIR)/pvis_2.app/pvis_2";
			};
			name = Debug;
		};
		9DD5512223B552BE0077EFFD /* Release */ = {
			isa = XCBuildConfiguration;
			baseConfigurationReference = 961586A9BDAB0480E1C3D6E0 /* Pods-pvis_2Tests.release.xcconfig */;
			buildSettings = {
				ALWAYS_EMBED_SWIFT_STANDARD_LIBRARIES = YES;
				BUNDLE_LOADER = "$(TEST_HOST)";
				CODE_SIGN_STYLE = Automatic;
				DEVELOPMENT_TEAM = 822X2QB8L8;
				INFOPLIST_FILE = pvis_2Tests/Info.plist;
				IPHONEOS_DEPLOYMENT_TARGET = 13.1;
				LD_RUNPATH_SEARCH_PATHS = (
					"$(inherited)",
					"@executable_path/Frameworks",
					"@loader_path/Frameworks",
				);
				PRODUCT_BUNDLE_IDENTIFIER = "M.B..pvis-2Tests";
				PRODUCT_NAME = "$(TARGET_NAME)";
				SWIFT_VERSION = 5.0;
				TARGETED_DEVICE_FAMILY = "1,2";
				TEST_HOST = "$(BUILT_PRODUCTS_DIR)/pvis_2.app/pvis_2";
			};
			name = Release;
		};
		9DD5512423B552BE0077EFFD /* Debug */ = {
			isa = XCBuildConfiguration;
			baseConfigurationReference = 0F4387155069A38E76279F97 /* Pods-pvis_2-pvis_2UITests.debug.xcconfig */;
			buildSettings = {
				ALWAYS_EMBED_SWIFT_STANDARD_LIBRARIES = YES;
				CODE_SIGN_STYLE = Automatic;
				DEVELOPMENT_TEAM = 822X2QB8L8;
				INFOPLIST_FILE = pvis_2UITests/Info.plist;
				LD_RUNPATH_SEARCH_PATHS = (
					"$(inherited)",
					"@executable_path/Frameworks",
					"@loader_path/Frameworks",
				);
				PRODUCT_BUNDLE_IDENTIFIER = "M.B..pvis-2UITests";
				PRODUCT_NAME = "$(TARGET_NAME)";
				SWIFT_VERSION = 5.0;
				TARGETED_DEVICE_FAMILY = "1,2";
				TEST_TARGET_NAME = pvis_2;
			};
			name = Debug;
		};
		9DD5512523B552BE0077EFFD /* Release */ = {
			isa = XCBuildConfiguration;
			baseConfigurationReference = 67A1D71C930FECD45EA014E1 /* Pods-pvis_2-pvis_2UITests.release.xcconfig */;
			buildSettings = {
				ALWAYS_EMBED_SWIFT_STANDARD_LIBRARIES = YES;
				CODE_SIGN_STYLE = Automatic;
				DEVELOPMENT_TEAM = 822X2QB8L8;
				INFOPLIST_FILE = pvis_2UITests/Info.plist;
				LD_RUNPATH_SEARCH_PATHS = (
					"$(inherited)",
					"@executable_path/Frameworks",
					"@loader_path/Frameworks",
				);
				PRODUCT_BUNDLE_IDENTIFIER = "M.B..pvis-2UITests";
				PRODUCT_NAME = "$(TARGET_NAME)";
				SWIFT_VERSION = 5.0;
				TARGETED_DEVICE_FAMILY = "1,2";
				TEST_TARGET_NAME = pvis_2;
			};
			name = Release;
		};
/* End XCBuildConfiguration section */

/* Begin XCConfigurationList section */
		9DD550EE23B552B70077EFFD /* Build configuration list for PBXProject "pvis_2" */ = {
			isa = XCConfigurationList;
			buildConfigurations = (
				9DD5511B23B552BE0077EFFD /* Debug */,
				9DD5511C23B552BE0077EFFD /* Release */,
			);
			defaultConfigurationIsVisible = 0;
			defaultConfigurationName = Release;
		};
		9DD5511D23B552BE0077EFFD /* Build configuration list for PBXNativeTarget "pvis_2" */ = {
			isa = XCConfigurationList;
			buildConfigurations = (
				9DD5511E23B552BE0077EFFD /* Debug */,
				9DD5511F23B552BE0077EFFD /* Release */,
			);
			defaultConfigurationIsVisible = 0;
			defaultConfigurationName = Release;
		};
		9DD5512023B552BE0077EFFD /* Build configuration list for PBXNativeTarget "pvis_2Tests" */ = {
			isa = XCConfigurationList;
			buildConfigurations = (
				9DD5512123B552BE0077EFFD /* Debug */,
				9DD5512223B552BE0077EFFD /* Release */,
			);
			defaultConfigurationIsVisible = 0;
			defaultConfigurationName = Release;
		};
		9DD5512323B552BE0077EFFD /* Build configuration list for PBXNativeTarget "pvis_2UITests" */ = {
			isa = XCConfigurationList;
			buildConfigurations = (
				9DD5512423B552BE0077EFFD /* Debug */,
				9DD5512523B552BE0077EFFD /* Release */,
			);
			defaultConfigurationIsVisible = 0;
			defaultConfigurationName = Release;
		};
/* End XCConfigurationList section */
	};
	rootObject = 9DD550EB23B552B70077EFFD /* Project object */;
}
